
Microsoft Visual Studio Solution File, Format Version 12.00
# Visual Studio 15
VisualStudioVersion = 15.0.28010.2036
MinimumVisualStudioVersion = 10.0.40219.1
Project("{FAE04EC0-301F-11D3-BF4B-00C04F79EFBC}") = "HomeWork3", "HomeWork3\HomeWork3.csproj", "{60CCD29D-9C4E-4B4B-A5E9-CC1D456F94D6}"
EndProject
Project("{FAE04EC0-301F-11D3-BF4B-00C04F79EFBC}") = "UnitTest", "UnitTest\UnitTest.csproj", "{12DE3BDD-CEFF-4B3C-AAD9-F18B84843D4F}"
EndProject
Global
	GlobalSection(SolutionConfigurationPlatforms) = preSolution
		Debug|Any CPU = Debug|Any CPU
		Release|Any CPU = Release|Any CPU
	EndGlobalSection
	GlobalSection(ProjectConfigurationPlatforms) = postSolution
		{60CCD29D-9C4E-4B4B-A5E9-CC1D456F94D6}.Debug|Any CPU.ActiveCfg = Debug|Any CPU
		{60CCD29D-9C4E-4B4B-A5E9-CC1D456F94D6}.Debug|Any CPU.Build.0 = Debug|Any CPU
		{60CCD29D-9C4E-4B4B-A5E9-CC1D456F94D6}.Release|Any CPU.ActiveCfg = Release|Any CPU
		{60CCD29D-9C4E-4B4B-A5E9-CC1D456F94D6}.Release|Any CPU.Build.0 = Release|Any CPU
		{12DE3BDD-CEFF-4B3C-AAD9-F18B84843D4F}.Debug|Any CPU.ActiveCfg = Debug|Any CPU
		{12DE3BDD-CEFF-4B3C-AAD9-F18B84843D4F}.Debug|Any CPU.Build.0 = Debug|Any CPU
		{12DE3BDD-CEFF-4B3C-AAD9-F18B84843D4F}.Release|Any CPU.ActiveCfg = Release|Any CPU
		{12DE3BDD-CEFF-4B3C-AAD9-F18B84843D4F}.Release|Any CPU.Build.0 = Release|Any CPU
	EndGlobalSection
	GlobalSection(SolutionProperties) = preSolution
		HideSolutionNode = FALSE
	EndGlobalSection
	GlobalSection(ExtensibilityGlobals) = postSolution
		SolutionGuid = {109639E9-28A0-4F45-9A9F-E37B39F7972D}
	EndGlobalSection
EndGlobal
