
Microsoft Visual Studio Solution File, Format Version 12.00
# Visual Studio 15
VisualStudioVersion = 15.0.28010.2036
MinimumVisualStudioVersion = 10.0.40219.1
Project("{FAE04EC0-301F-11D3-BF4B-00C04F79EFBC}") = "HomeWork2", "HomeWork2\HomeWork2.csproj", "{5F9A3626-709D-4193-B611-53A2FC1EA5C6}"
EndProject
Global
	GlobalSection(SolutionConfigurationPlatforms) = preSolution
		Debug|Any CPU = Debug|Any CPU
		Release|Any CPU = Release|Any CPU
	EndGlobalSection
	GlobalSection(ProjectConfigurationPlatforms) = postSolution
		{5F9A3626-709D-4193-B611-53A2FC1EA5C6}.Debug|Any CPU.ActiveCfg = Debug|Any CPU
		{5F9A3626-709D-4193-B611-53A2FC1EA5C6}.Debug|Any CPU.Build.0 = Debug|Any CPU
		{5F9A3626-709D-4193-B611-53A2FC1EA5C6}.Release|Any CPU.ActiveCfg = Release|Any CPU
		{5F9A3626-709D-4193-B611-53A2FC1EA5C6}.Release|Any CPU.Build.0 = Release|Any CPU
	EndGlobalSection
	GlobalSection(SolutionProperties) = preSolution
		HideSolutionNode = FALSE
	EndGlobalSection
	GlobalSection(ExtensibilityGlobals) = postSolution
		SolutionGuid = {5B9E920F-54B3-4321-BC70-63CDA8F4D4E8}
	EndGlobalSection
EndGlobal
