
Microsoft Visual Studio Solution File, Format Version 12.00
# Visual Studio 15
VisualStudioVersion = 15.0.28010.2036
MinimumVisualStudioVersion = 10.0.40219.1
Project("{FAE04EC0-301F-11D3-BF4B-00C04F79EFBC}") = "HomeWork4", "HomeWork4\HomeWork4.csproj", "{C74A1594-2D48-43B5-98EF-9E486BB2512F}"
EndProject
Global
	GlobalSection(SolutionConfigurationPlatforms) = preSolution
		Debug|Any CPU = Debug|Any CPU
		Release|Any CPU = Release|Any CPU
	EndGlobalSection
	GlobalSection(ProjectConfigurationPlatforms) = postSolution
		{C74A1594-2D48-43B5-98EF-9E486BB2512F}.Debug|Any CPU.ActiveCfg = Debug|Any CPU
		{C74A1594-2D48-43B5-98EF-9E486BB2512F}.Debug|Any CPU.Build.0 = Debug|Any CPU
		{C74A1594-2D48-43B5-98EF-9E486BB2512F}.Release|Any CPU.ActiveCfg = Release|Any CPU
		{C74A1594-2D48-43B5-98EF-9E486BB2512F}.Release|Any CPU.Build.0 = Release|Any CPU
	EndGlobalSection
	GlobalSection(SolutionProperties) = preSolution
		HideSolutionNode = FALSE
	EndGlobalSection
	GlobalSection(ExtensibilityGlobals) = postSolution
		SolutionGuid = {87085BF1-2805-4FD5-A187-CC2C0C1E5EFC}
	EndGlobalSection
EndGlobal
